
Microsoft Visual Studio Solution File, Format Version 12.00
# Visual Studio 15
VisualStudioVersion = 15.0.28010.2050
MinimumVisualStudioVersion = 10.0.40219.1
Project("{FAE04EC0-301F-11D3-BF4B-00C04F79EFBC}") = "Sudoku", "Sudoku\Sudoku.csproj", "{58FEB8CD-6976-4C79-85E9-EE02BB98BDB3}"
EndProject
Global
	GlobalSection(SolutionConfigurationPlatforms) = preSolution
		Debug|Any CPU = Debug|Any CPU
		Release|Any CPU = Release|Any CPU
	EndGlobalSection
	GlobalSection(ProjectConfigurationPlatforms) = postSolution
		{58FEB8CD-6976-4C79-85E9-EE02BB98BDB3}.Debug|Any CPU.ActiveCfg = Debug|Any CPU
		{58FEB8CD-6976-4C79-85E9-EE02BB98BDB3}.Debug|Any CPU.Build.0 = Debug|Any CPU
		{58FEB8CD-6976-4C79-85E9-EE02BB98BDB3}.Release|Any CPU.ActiveCfg = Release|Any CPU
		{58FEB8CD-6976-4C79-85E9-EE02BB98BDB3}.Release|Any CPU.Build.0 = Release|Any CPU
	EndGlobalSection
	GlobalSection(SolutionProperties) = preSolution
		HideSolutionNode = FALSE
	EndGlobalSection
	GlobalSection(ExtensibilityGlobals) = postSolution
		SolutionGuid = {A58B33C4-BA6C-4D72-A81A-8A242DC80CFC}
	EndGlobalSection
EndGlobal
